
Microsoft Visual Studio Solution File, Format Version 12.00
# Visual Studio 14
VisualStudioVersion = 14.0.24720.0
MinimumVisualStudioVersion = 10.0.40219.1
Project("{FAE04EC0-301F-11D3-BF4B-00C04F79EFBC}") = "Evolution3", "Evolution3\Evolution3.csproj", "{AE2FAE2A-5A93-40F5-A188-D079F1FDFEA9}"
EndProject
Project("{FAE04EC0-301F-11D3-BF4B-00C04F79EFBC}") = "DataDB", "DataDB\DataDB.csproj", "{10E0F1F2-642F-4169-B2BA-202EA5337CE2}"
EndProject
Project("{FAE04EC0-301F-11D3-BF4B-00C04F79EFBC}") = "Calculation", "Calculation\Calculation.csproj", "{BF738D77-3C92-415F-AECD-A2033FF356AB}"
EndProject
Project("{FAE04EC0-301F-11D3-BF4B-00C04F79EFBC}") = "Testing", "Testing\Testing.csproj", "{E9E013E5-E208-4170-8B3A-51D0CCC8B0E2}"
EndProject
Project("{FAE04EC0-301F-11D3-BF4B-00C04F79EFBC}") = "Functions", "Functions\Functions.csproj", "{4D5C8E57-4C01-4D63-8A33-01735C0FAAB8}"
EndProject
Project("{FAE04EC0-301F-11D3-BF4B-00C04F79EFBC}") = "Run", "Run\Run.csproj", "{D8E8BA79-BF33-40F0-9BF5-729BF288B283}"
EndProject
Project("{FAE04EC0-301F-11D3-BF4B-00C04F79EFBC}") = "Execute", "Execute\Execute.csproj", "{492494A1-995F-4177-A2F9-2C57161B9C46}"
EndProject
Global
	GlobalSection(SubversionScc) = preSolution
		Svn-Managed = True
		Manager = AnkhSVN - Subversion Support for Visual Studio
	EndGlobalSection
	GlobalSection(SolutionConfigurationPlatforms) = preSolution
		Debug|Any CPU = Debug|Any CPU
		Release|Any CPU = Release|Any CPU
	EndGlobalSection
	GlobalSection(ProjectConfigurationPlatforms) = postSolution
		{AE2FAE2A-5A93-40F5-A188-D079F1FDFEA9}.Debug|Any CPU.ActiveCfg = Debug|Any CPU
		{AE2FAE2A-5A93-40F5-A188-D079F1FDFEA9}.Debug|Any CPU.Build.0 = Debug|Any CPU
		{AE2FAE2A-5A93-40F5-A188-D079F1FDFEA9}.Release|Any CPU.ActiveCfg = Release|Any CPU
		{AE2FAE2A-5A93-40F5-A188-D079F1FDFEA9}.Release|Any CPU.Build.0 = Release|Any CPU
		{10E0F1F2-642F-4169-B2BA-202EA5337CE2}.Debug|Any CPU.ActiveCfg = Debug|Any CPU
		{10E0F1F2-642F-4169-B2BA-202EA5337CE2}.Debug|Any CPU.Build.0 = Debug|Any CPU
		{10E0F1F2-642F-4169-B2BA-202EA5337CE2}.Release|Any CPU.ActiveCfg = Release|Any CPU
		{10E0F1F2-642F-4169-B2BA-202EA5337CE2}.Release|Any CPU.Build.0 = Release|Any CPU
		{BF738D77-3C92-415F-AECD-A2033FF356AB}.Debug|Any CPU.ActiveCfg = Debug|Any CPU
		{BF738D77-3C92-415F-AECD-A2033FF356AB}.Debug|Any CPU.Build.0 = Debug|Any CPU
		{BF738D77-3C92-415F-AECD-A2033FF356AB}.Release|Any CPU.ActiveCfg = Release|Any CPU
		{BF738D77-3C92-415F-AECD-A2033FF356AB}.Release|Any CPU.Build.0 = Release|Any CPU
		{E9E013E5-E208-4170-8B3A-51D0CCC8B0E2}.Debug|Any CPU.ActiveCfg = Debug|Any CPU
		{E9E013E5-E208-4170-8B3A-51D0CCC8B0E2}.Debug|Any CPU.Build.0 = Debug|Any CPU
		{E9E013E5-E208-4170-8B3A-51D0CCC8B0E2}.Release|Any CPU.ActiveCfg = Release|Any CPU
		{E9E013E5-E208-4170-8B3A-51D0CCC8B0E2}.Release|Any CPU.Build.0 = Release|Any CPU
		{4D5C8E57-4C01-4D63-8A33-01735C0FAAB8}.Debug|Any CPU.ActiveCfg = Debug|Any CPU
		{4D5C8E57-4C01-4D63-8A33-01735C0FAAB8}.Debug|Any CPU.Build.0 = Debug|Any CPU
		{4D5C8E57-4C01-4D63-8A33-01735C0FAAB8}.Release|Any CPU.ActiveCfg = Release|Any CPU
		{4D5C8E57-4C01-4D63-8A33-01735C0FAAB8}.Release|Any CPU.Build.0 = Release|Any CPU
		{D8E8BA79-BF33-40F0-9BF5-729BF288B283}.Debug|Any CPU.ActiveCfg = Debug|Any CPU
		{D8E8BA79-BF33-40F0-9BF5-729BF288B283}.Debug|Any CPU.Build.0 = Debug|Any CPU
		{D8E8BA79-BF33-40F0-9BF5-729BF288B283}.Release|Any CPU.ActiveCfg = Release|Any CPU
		{D8E8BA79-BF33-40F0-9BF5-729BF288B283}.Release|Any CPU.Build.0 = Release|Any CPU
		{492494A1-995F-4177-A2F9-2C57161B9C46}.Debug|Any CPU.ActiveCfg = Debug|Any CPU
		{492494A1-995F-4177-A2F9-2C57161B9C46}.Debug|Any CPU.Build.0 = Debug|Any CPU
		{492494A1-995F-4177-A2F9-2C57161B9C46}.Release|Any CPU.ActiveCfg = Release|Any CPU
		{492494A1-995F-4177-A2F9-2C57161B9C46}.Release|Any CPU.Build.0 = Release|Any CPU
	EndGlobalSection
	GlobalSection(SolutionProperties) = preSolution
		HideSolutionNode = FALSE
	EndGlobalSection
EndGlobal
